{
  "projects": [
    {
      "projectId": "seaQhLVS4bbjiGvJJrRwyL",
      "version": "15.0.3",
      "dependencies": {},
      "lang": "ts",
      "fileLocks": [
        {
          "assetId": "seaQhLVS4bbjiGvJJrRwyL",
          "type": "projectCss",
          "checksum": "3a2c1605ed5a5a7896e997467a883c93"
        }
      ],
      "codegenVersion": "0.0.1"
    },
    {
      "projectId": "7dv7av1r79GKcTkxWBCCC5",
      "version": "latest",
      "dependencies": {
        "seaQhLVS4bbjiGvJJrRwyL": "15.0.3"
      },
      "lang": "ts",
      "fileLocks": [
        {
          "type": "globalVariant",
          "assetId": "aEDxUfg076W7w",
          "checksum": "f60071035f9f1c7e936c85ea35960c9b"
        },
        {
          "assetId": "7dv7av1r79GKcTkxWBCCC5",
          "type": "projectCss",
          "checksum": "1a45d24444c88aeaa702cad512695be8"
        },
        {
          "type": "renderModule",
          "assetId": "_M3zHV2HVq35",
          "checksum": "81be2dcf30350f670b0ea81054e65b18"
        },
        {
          "type": "cssRules",
          "assetId": "_M3zHV2HVq35",
          "checksum": "81be2dcf30350f670b0ea81054e65b18"
        },
        {
          "type": "renderModule",
          "assetId": "s8QRW04FLs1V",
          "checksum": "9bc6f0eb6f9e52a4eddb797b98e55735"
        },
        {
          "type": "cssRules",
          "assetId": "s8QRW04FLs1V",
          "checksum": "9bc6f0eb6f9e52a4eddb797b98e55735"
        },
        {
          "type": "renderModule",
          "assetId": "oKk7wZ_pV70V",
          "checksum": "0b9eb5ccfe9c2202c34ff3e44223c06b"
        },
        {
          "type": "cssRules",
          "assetId": "oKk7wZ_pV70V",
          "checksum": "0b9eb5ccfe9c2202c34ff3e44223c06b"
        },
        {
          "type": "renderModule",
          "assetId": "TZU1tij1E2FO",
          "checksum": "13c9ac665dadda83cf5061e579127e11"
        },
        {
          "type": "cssRules",
          "assetId": "TZU1tij1E2FO",
          "checksum": "13c9ac665dadda83cf5061e579127e11"
        },
        {
          "type": "renderModule",
          "assetId": "Um7rDQNzCgI",
          "checksum": "ee4c8758a8e777e0cb71d10ad466792e"
        },
        {
          "type": "cssRules",
          "assetId": "Um7rDQNzCgI",
          "checksum": "ee4c8758a8e777e0cb71d10ad466792e"
        },
        {
          "type": "renderModule",
          "assetId": "ut-WWIqtk2o1",
          "checksum": "54aeabcd05c6e673f6a01a4437701a5b"
        },
        {
          "type": "cssRules",
          "assetId": "ut-WWIqtk2o1",
          "checksum": "54aeabcd05c6e673f6a01a4437701a5b"
        },
        {
          "type": "renderModule",
          "assetId": "0JnHKrbHXTc9",
          "checksum": "c3d1f377d8a56159b407625e10083eab"
        },
        {
          "type": "cssRules",
          "assetId": "0JnHKrbHXTc9",
          "checksum": "c3d1f377d8a56159b407625e10083eab"
        },
        {
          "type": "renderModule",
          "assetId": "zmgtIg-_MjV0",
          "checksum": "b05c426d4353f4ed6c4bbb59515b565f"
        },
        {
          "type": "cssRules",
          "assetId": "zmgtIg-_MjV0",
          "checksum": "b05c426d4353f4ed6c4bbb59515b565f"
        },
        {
          "type": "renderModule",
          "assetId": "QSAj9-zZd827",
          "checksum": "47bcc1c8ae474dfd7300e963927953a0"
        },
        {
          "type": "cssRules",
          "assetId": "QSAj9-zZd827",
          "checksum": "47bcc1c8ae474dfd7300e963927953a0"
        },
        {
          "type": "renderModule",
          "assetId": "l50DTMfEuJ6O",
          "checksum": "b0c155fabd6e7fe57cc3f39316ceb837"
        },
        {
          "type": "cssRules",
          "assetId": "l50DTMfEuJ6O",
          "checksum": "b0c155fabd6e7fe57cc3f39316ceb837"
        },
        {
          "type": "renderModule",
          "assetId": "bwyOVOB1GDM8",
          "checksum": "08313f24e2b773264f163ba1506314e9"
        },
        {
          "type": "cssRules",
          "assetId": "bwyOVOB1GDM8",
          "checksum": "08313f24e2b773264f163ba1506314e9"
        },
        {
          "type": "renderModule",
          "assetId": "FmPOFDxN0mPx",
          "checksum": "8381fbf13e0d41059a30821e3a9b5fba"
        },
        {
          "type": "cssRules",
          "assetId": "FmPOFDxN0mPx",
          "checksum": "8381fbf13e0d41059a30821e3a9b5fba"
        },
        {
          "type": "renderModule",
          "assetId": "hDue7m2Ls4ua",
          "checksum": "c69cddbb3dc371e26a06265f2ffe1d36"
        },
        {
          "type": "cssRules",
          "assetId": "hDue7m2Ls4ua",
          "checksum": "c69cddbb3dc371e26a06265f2ffe1d36"
        },
        {
          "type": "renderModule",
          "assetId": "27LqZQ2EkuZT",
          "checksum": "4d9a28f3d5bb4e405f1e4578efaec997"
        },
        {
          "type": "cssRules",
          "assetId": "27LqZQ2EkuZT",
          "checksum": "4d9a28f3d5bb4e405f1e4578efaec997"
        },
        {
          "type": "renderModule",
          "assetId": "9fwp87NsILwMr",
          "checksum": "53bc2f9c57caa84be7a94bc6ab33862e"
        },
        {
          "type": "cssRules",
          "assetId": "9fwp87NsILwMr",
          "checksum": "53bc2f9c57caa84be7a94bc6ab33862e"
        },
        {
          "type": "renderModule",
          "assetId": "n-UKD-HvmTBHO",
          "checksum": "a8527cb35080d390763ea3ecdea723cc"
        },
        {
          "type": "cssRules",
          "assetId": "n-UKD-HvmTBHO",
          "checksum": "a8527cb35080d390763ea3ecdea723cc"
        },
        {
          "type": "renderModule",
          "assetId": "sWByS_wSF8FyJ",
          "checksum": "cf07221ea15d60dc7522c99497859ac0"
        },
        {
          "type": "cssRules",
          "assetId": "sWByS_wSF8FyJ",
          "checksum": "cf07221ea15d60dc7522c99497859ac0"
        },
        {
          "type": "icon",
          "assetId": "wBH_TpGb4Y5Uq",
          "checksum": "9f7ef969ba586c9e40cb257a724116ca"
        },
        {
          "type": "icon",
          "assetId": "HrnIfQXJ4cFZ0",
          "checksum": "d63bd206d14f0bb8cadabf2a97a55deb"
        },
        {
          "type": "icon",
          "assetId": "YU_wcyg71bZol",
          "checksum": "9fe3883a20663a5f86b243cfab3ce7f8"
        },
        {
          "type": "icon",
          "assetId": "7sZi4EALM62Rv",
          "checksum": "91d5d1027c65062334e6b6f68662c836"
        },
        {
          "type": "icon",
          "assetId": "JPHTu6VlcLpM_",
          "checksum": "c0ecb17b89637ad964c1cfda24af8f96"
        },
        {
          "type": "icon",
          "assetId": "1WPGGOuP9wRfI",
          "checksum": "d0c58ee2cff358af47048a8f5be654b0"
        },
        {
          "type": "icon",
          "assetId": "Qu5fHz3UgL09f",
          "checksum": "3fcb3f9643b17542a94bd92e9e601bb3"
        },
        {
          "type": "icon",
          "assetId": "2h7hq4cJT_8WJ",
          "checksum": "a258af42d360d5df202829cd0488eebd"
        },
        {
          "type": "icon",
          "assetId": "Gb8LjLa5WuYb0",
          "checksum": "76c0a8d052fb8d7110bd9d50ba9182b1"
        },
        {
          "type": "icon",
          "assetId": "0GdoOASsEimCr",
          "checksum": "9d2ab53e15a9f30ad1eeceb62ab561c4"
        },
        {
          "type": "icon",
          "assetId": "8EGXXPgjGmJip",
          "checksum": "b30431159e3e35e0742fa0fc26536caf"
        },
        {
          "type": "icon",
          "assetId": "985l9KGRjJNF6",
          "checksum": "00512a932b5a62592e4738450f4d7642"
        },
        {
          "type": "icon",
          "assetId": "PNbbhXk_hXvFP",
          "checksum": "130a61f77c705a1f6cf6aec3f6a54c02"
        },
        {
          "type": "icon",
          "assetId": "7xA9hA8WGE6ts",
          "checksum": "dbeca96abe08f41398dd450e4b3ed9b4"
        },
        {
          "type": "icon",
          "assetId": "awSIZVYfpzf4h",
          "checksum": "b92cc1366ad47b48a6b095d14ae0ff39"
        },
        {
          "type": "icon",
          "assetId": "cLN8sjme3KJ7R",
          "checksum": "cdd644335106dbb865d04e16674d6b80"
        },
        {
          "type": "icon",
          "assetId": "HW490K0-48Mzb",
          "checksum": "21a4d19b9deb2b74397243df012574da"
        },
        {
          "type": "icon",
          "assetId": "Zkd2VTbSz5KVC",
          "checksum": "f40743ebdae8bb049d9bb4e7b1eccc3d"
        },
        {
          "type": "icon",
          "assetId": "I_2fUrR-0Qrf8",
          "checksum": "3826b990e21c82016617000ebd2e592d"
        },
        {
          "type": "icon",
          "assetId": "yq-rUuXsA8O0Y",
          "checksum": "a45ac3aa9db28e8b171733504ff231b9"
        },
        {
          "type": "icon",
          "assetId": "9wX_AhLiHCFcJ",
          "checksum": "a57e2636cf5aea4aa964dae839a50598"
        },
        {
          "type": "icon",
          "assetId": "VF23St5zL8lgj",
          "checksum": "6e21f5173ad204e7544ee9fd3b7daeae"
        },
        {
          "type": "image",
          "assetId": "lqTTvOOY28mlv",
          "checksum": "46481a7397b95df7b05decc8334b3c6d"
        },
        {
          "type": "image",
          "assetId": "NfWIkq4nSBDd3",
          "checksum": "a179781ceb12a962ca75ce1f0a316571"
        },
        {
          "type": "image",
          "assetId": "Q1McpJv2Y-6YW",
          "checksum": "5e321ad229cce3d0b6dae8f95479bb09"
        },
        {
          "type": "image",
          "assetId": "KBGq_ou2n2seL",
          "checksum": "e5ee516671ca2bf02c67fe8966e33dcb"
        }
      ],
      "codegenVersion": "0.0.1"
    }
  ],
  "cliVersion": "0.1.190"
}
